<?xml version="1.0" encoding="utf-8"?>
<Project ToolsVersion="4.0" xmlns="http://schemas.microsoft.com/developer/msbuild/2003">
  <ItemGroup>
    <ClCompile Include="GameMessage.cpp">
      <Filter>Source Files\Messaging</Filter>
    </ClCompile>
    <ClCompile Include="GameMessageManager.cpp">
      <Filter>Source Files\Messaging</Filter>
    </ClCompile>
    <ClCompile Include="EventSystem.cpp">
      <Filter>Source Files\Events</Filter>
    </ClCompile>
    <ClCompile Include="EventListener.cpp">
      <Filter>Source Files\Events</Filter>
    </ClCompile>
    <ClCompile Include="Event.cpp">
      <Filter>Source Files\Events</Filter>
    </ClCompile>
    <ClCompile Include="Camera.cpp">
      <Filter>Source Files\Graphics</Filter>
    </ClCompile>
    <ClCompile Include="Color.cpp">
      <Filter>Source Files\Graphics</Filter>
    </ClCompile>
    <ClCompile Include="Gizmos.cpp">
      <Filter>Source Files\Graphics</Filter>
    </ClCompile>
    <ClCompile Include="Graph.cpp">
      <Filter>Source Files\Graphics</Filter>
    </ClCompile>
    <ClCompile Include="Volume.cpp">
      <Filter>Source Files\Graphics</Filter>
    </ClCompile>
    <ClCompile Include="Vertex.cpp">
      <Filter>Source Files\Graphics</Filter>
    </ClCompile>
    <ClCompile Include="Transform.cpp">
      <Filter>Source Files\Graphics</Filter>
    </ClCompile>
    <ClCompile Include="Texture2D.cpp">
      <Filter>Source Files\Graphics</Filter>
    </ClCompile>
    <ClCompile Include="Texture.cpp">
      <Filter>Source Files\Graphics</Filter>
    </ClCompile>
    <ClCompile Include="Sprite.cpp">
      <Filter>Source Files\Graphics</Filter>
    </ClCompile>
    <ClCompile Include="Shader.cpp">
      <Filter>Source Files\Graphics</Filter>
    </ClCompile>
    <ClCompile Include="ObjLoader.cpp">
      <Filter>Source Files\Graphics</Filter>
    </ClCompile>
    <ClCompile Include="Mesh.cpp">
      <Filter>Source Files\Graphics</Filter>
    </ClCompile>
    <ClCompile Include="Font.cpp">
      <Filter>Source Files\Graphics</Filter>
    </ClCompile>
    <ClCompile Include="Graphics.cpp">
      <Filter>Source Files\Graphics</Filter>
    </ClCompile>
    <ClCompile Include="Vector3.cpp">
      <Filter>Source Files\Util</Filter>
    </ClCompile>
    <ClCompile Include="Vector2.cpp">
      <Filter>Source Files\Util</Filter>
    </ClCompile>
    <ClCompile Include="Time.cpp">
      <Filter>Source Files\Util</Filter>
    </ClCompile>
    <ClCompile Include="Serializable.cpp">
      <Filter>Source Files\Util</Filter>
    </ClCompile>
    <ClCompile Include="ResourceManager.cpp">
      <Filter>Source Files\Util</Filter>
    </ClCompile>
    <ClCompile Include="Rect.cpp">
      <Filter>Source Files\Util</Filter>
    </ClCompile>
    <ClCompile Include="Mouse.cpp">
      <Filter>Source Files\Util</Filter>
    </ClCompile>
    <ClCompile Include="Maths.cpp">
      <Filter>Source Files\Util</Filter>
    </ClCompile>
    <ClCompile Include="Keyboard.cpp">
      <Filter>Source Files\Util</Filter>
    </ClCompile>
    <ClCompile Include="Input.cpp">
      <Filter>Source Files\Util</Filter>
    </ClCompile>
    <ClCompile Include="Game.cpp">
      <Filter>Source Files\Util</Filter>
    </ClCompile>
    <ClCompile Include="Dictionary.cpp">
      <Filter>Source Files\Util</Filter>
    </ClCompile>
    <ClCompile Include="Transaction.cpp">
      <Filter>Source Files\Messaging</Filter>
    </ClCompile>
    <ClCompile Include="NotificationQueue.cpp">
      <Filter>Source Files\Messaging</Filter>
    </ClCompile>
    <ClCompile Include="Notification.cpp">
      <Filter>Source Files\Messaging</Filter>
    </ClCompile>
    <ClCompile Include="NotificationProcessor.cpp">
      <Filter>Source Files\Messaging</Filter>
    </ClCompile>
    <ClCompile Include="Pathfinder.cpp">
      <Filter>Source Files\Pathfinding</Filter>
    </ClCompile>
    <ClCompile Include="AStarPathfinder.cpp">
      <Filter>Source Files\Pathfinding</Filter>
    </ClCompile>
    <ClCompile Include="Connection.cpp">
      <Filter>Source Files\Pathfinding</Filter>
    </ClCompile>
    <ClCompile Include="HalfEdge.cpp">
      <Filter>Source Files\Pathfinding</Filter>
    </ClCompile>
    <ClCompile Include="Heuristic.cpp">
      <Filter>Source Files\Pathfinding</Filter>
    </ClCompile>
    <ClCompile Include="NavigationMesh.cpp">
      <Filter>Source Files\Pathfinding</Filter>
    </ClCompile>
    <ClCompile Include="Node.cpp">
      <Filter>Source Files\Pathfinding</Filter>
    </ClCompile>
    <ClCompile Include="Path.cpp">
      <Filter>Source Files\Pathfinding</Filter>
    </ClCompile>
  </ItemGroup>
  <ItemGroup>
    <ClInclude Include="Volume.h">
      <Filter>Header Files\Graphics</Filter>
    </ClInclude>
    <ClInclude Include="Vertex.h">
      <Filter>Header Files\Graphics</Filter>
    </ClInclude>
    <ClInclude Include="Transform.h">
      <Filter>Header Files\Graphics</Filter>
    </ClInclude>
    <ClInclude Include="Texture2D.h">
      <Filter>Header Files\Graphics</Filter>
    </ClInclude>
    <ClInclude Include="Texture.h">
      <Filter>Header Files\Graphics</Filter>
    </ClInclude>
    <ClInclude Include="Sprite.h">
      <Filter>Header Files\Graphics</Filter>
    </ClInclude>
    <ClInclude Include="Shader.h">
      <Filter>Header Files\Graphics</Filter>
    </ClInclude>
    <ClInclude Include="ObjLoader.h">
      <Filter>Header Files\Graphics</Filter>
    </ClInclude>
    <ClInclude Include="Mesh.h">
      <Filter>Header Files\Graphics</Filter>
    </ClInclude>
    <ClInclude Include="Graphics.h">
      <Filter>Header Files\Graphics</Filter>
    </ClInclude>
    <ClInclude Include="Gizmos.h">
      <Filter>Header Files\Graphics</Filter>
    </ClInclude>
    <ClInclude Include="Font.h">
      <Filter>Header Files\Graphics</Filter>
    </ClInclude>
    <ClInclude Include="Color.h">
      <Filter>Header Files\Graphics</Filter>
    </ClInclude>
    <ClInclude Include="Camera.h">
      <Filter>Header Files\Graphics</Filter>
    </ClInclude>
    <ClInclude Include="Event.h">
      <Filter>Header Files\Events</Filter>
    </ClInclude>
    <ClInclude Include="EventListener.h">
      <Filter>Header Files\Events</Filter>
    </ClInclude>
    <ClInclude Include="EventSystem.h">
      <Filter>Header Files\Events</Filter>
    </ClInclude>
    <ClInclude Include="Defines.h">
      <Filter>Header Files\Util</Filter>
    </ClInclude>
    <ClInclude Include="Dictionary.h">
      <Filter>Header Files\Util</Filter>
    </ClInclude>
    <ClInclude Include="Game.h">
      <Filter>Header Files\Util</Filter>
    </ClInclude>
    <ClInclude Include="Input.h">
      <Filter>Header Files\Util</Filter>
    </ClInclude>
    <ClInclude Include="Keyboard.h">
      <Filter>Header Files\Util</Filter>
    </ClInclude>
    <ClInclude Include="Maths.h">
      <Filter>Header Files\Util</Filter>
    </ClInclude>
    <ClInclude Include="Mouse.h">
      <Filter>Header Files\Util</Filter>
    </ClInclude>
    <ClInclude Include="Vector3.h">
      <Filter>Header Files\Util</Filter>
    </ClInclude>
    <ClInclude Include="Vector2.h">
      <Filter>Header Files\Util</Filter>
    </ClInclude>
    <ClInclude Include="Time.h">
      <Filter>Header Files\Util</Filter>
    </ClInclude>
    <ClInclude Include="Serializable.h">
      <Filter>Header Files\Util</Filter>
    </ClInclude>
    <ClInclude Include="ResourceManager.h">
      <Filter>Header Files\Util</Filter>
    </ClInclude>
    <ClInclude Include="Rect.h">
      <Filter>Header Files\Util</Filter>
    </ClInclude>
    <ClInclude Include="Notification.h">
      <Filter>Header Files\Messaging</Filter>
    </ClInclude>
    <ClInclude Include="TransactionProcessor.h">
      <Filter>Header Files\Messaging</Filter>
    </ClInclude>
    <ClInclude Include="Transaction.h">
      <Filter>Header Files\Messaging</Filter>
    </ClInclude>
    <ClInclude Include="NotificationQueue.h">
      <Filter>Header Files\Messaging</Filter>
    </ClInclude>
    <ClInclude Include="NotificationProcessor.h">
      <Filter>Header Files\Messaging</Filter>
    </ClInclude>
    <ClInclude Include="GameMessage.h">
      <Filter>Header Files\Messaging</Filter>
    </ClInclude>
    <ClInclude Include="AStarPathfinder.h">
      <Filter>Header Files\Pathfinding</Filter>
    </ClInclude>
    <ClInclude Include="Connection.h">
      <Filter>Header Files\Pathfinding</Filter>
    </ClInclude>
    <ClInclude Include="GameMessageManager.h">
      <Filter>Header Files\Pathfinding</Filter>
    </ClInclude>
    <ClInclude Include="Graph.h">
      <Filter>Header Files\Pathfinding</Filter>
    </ClInclude>
    <ClInclude Include="HalfEdge.h">
      <Filter>Header Files\Pathfinding</Filter>
    </ClInclude>
    <ClInclude Include="Heuristic.h">
      <Filter>Header Files\Pathfinding</Filter>
    </ClInclude>
    <ClInclude Include="NavigationMesh.h">
      <Filter>Header Files\Pathfinding</Filter>
    </ClInclude>
    <ClInclude Include="Node.h">
      <Filter>Header Files\Pathfinding</Filter>
    </ClInclude>
    <ClInclude Include="NodeRecord.h">
      <Filter>Header Files\Pathfinding</Filter>
    </ClInclude>
    <ClInclude Include="Path.h">
      <Filter>Header Files\Pathfinding</Filter>
    </ClInclude>
    <ClInclude Include="Pathfinder.h">
      <Filter>Header Files\Pathfinding</Filter>
    </ClInclude>
  </ItemGroup>
  <ItemGroup>
    <Filter Include="Header Files">
      <UniqueIdentifier>{8715bad7-63c1-47c2-b7a9-cae827b2d325}</UniqueIdentifier>
    </Filter>
    <Filter Include="Source Files">
      <UniqueIdentifier>{5a90961f-9daf-4b6f-89b6-f0f697adec30}</UniqueIdentifier>
    </Filter>
    <Filter Include="Header Files\Graphics">
      <UniqueIdentifier>{31a8af4e-a75e-45ce-831e-b5603c23c78f}</UniqueIdentifier>
    </Filter>
    <Filter Include="Header Files\Events">
      <UniqueIdentifier>{a1fea038-00ea-41b5-a01c-7dcdffe3eeab}</UniqueIdentifier>
    </Filter>
    <Filter Include="Header Files\Messaging">
      <UniqueIdentifier>{ccd49a7e-baae-4c2a-9408-fe0dccd825bb}</UniqueIdentifier>
    </Filter>
    <Filter Include="Header Files\Util">
      <UniqueIdentifier>{ee8defbe-d824-4c5c-947f-1467d098e708}</UniqueIdentifier>
    </Filter>
    <Filter Include="Header Files\Pathfinding">
      <UniqueIdentifier>{2720d219-7357-4cf9-bcfa-2d6ab48ba094}</UniqueIdentifier>
    </Filter>
    <Filter Include="Source Files\Graphics">
      <UniqueIdentifier>{13bcd12c-f6a4-4d4a-af33-d28ae0d18c25}</UniqueIdentifier>
    </Filter>
    <Filter Include="Source Files\Pathfinding">
      <UniqueIdentifier>{7b237da8-312f-4263-970d-f4791f8b97d8}</UniqueIdentifier>
    </Filter>
    <Filter Include="Source Files\Util">
      <UniqueIdentifier>{a7bcb52b-4e76-4e29-999b-f9f979e6f4aa}</UniqueIdentifier>
    </Filter>
    <Filter Include="Source Files\Messaging">
      <UniqueIdentifier>{86798605-6cc8-4ee5-84d9-39059ca13f9a}</UniqueIdentifier>
    </Filter>
    <Filter Include="Source Files\Events">
      <UniqueIdentifier>{842793ba-fe57-4f1e-80e0-8f7591777634}</UniqueIdentifier>
    </Filter>
  </ItemGroup>
</Project>