<?xml version="1.0" encoding="utf-8"?>
<Project ToolsVersion="4.0" xmlns="http://schemas.microsoft.com/developer/msbuild/2003">
  <ItemGroup>
    <Filter Include="Source Files">
      <UniqueIdentifier>{4FC737F1-C7A5-4376-A066-2A32D752A2FF}</UniqueIdentifier>
      <Extensions>cpp;c;cc;cxx;def;odl;idl;hpj;bat;asm;asmx</Extensions>
    </Filter>
    <Filter Include="Header Files">
      <UniqueIdentifier>{93995380-89BD-4b04-88EB-625FBE52EBFB}</UniqueIdentifier>
      <Extensions>h;hh;hpp;hxx;hm;inl;inc;xsd</Extensions>
    </Filter>
    <Filter Include="Resource Files">
      <UniqueIdentifier>{67DA6AB6-F800-4c08-8B7A-83BB121AAD01}</UniqueIdentifier>
      <Extensions>rc;ico;cur;bmp;dlg;rc2;rct;bin;rgs;gif;jpg;jpeg;jpe;resx;tiff;tif;png;wav;mfcribbon-ms</Extensions>
    </Filter>
    <Filter Include="Header Files\Graphics">
      <UniqueIdentifier>{2cceb605-fe3f-4f54-a593-240dbdbc5e35}</UniqueIdentifier>
    </Filter>
    <Filter Include="Header Files\Events">
      <UniqueIdentifier>{86586c8f-5deb-4545-8031-d15c263e00f9}</UniqueIdentifier>
    </Filter>
    <Filter Include="Header Files\Util">
      <UniqueIdentifier>{d87ec142-e015-4a1b-9022-1c11a8680264}</UniqueIdentifier>
    </Filter>
    <Filter Include="Source Files\Graphics">
      <UniqueIdentifier>{2ce63fed-b673-4478-ad89-e14346c7964d}</UniqueIdentifier>
    </Filter>
    <Filter Include="Source Files\Events">
      <UniqueIdentifier>{d6745187-7f52-4d4f-ad15-b8d08e550eac}</UniqueIdentifier>
    </Filter>
    <Filter Include="Source Files\Util">
      <UniqueIdentifier>{c4d487a0-eb4b-475f-92c9-7da8568fb6aa}</UniqueIdentifier>
    </Filter>
    <Filter Include="Header Files\Messaging">
      <UniqueIdentifier>{bce3ac5e-295b-4402-b148-a0d182e053ea}</UniqueIdentifier>
    </Filter>
    <Filter Include="Source Files\Messaging">
      <UniqueIdentifier>{993f39ff-8e64-487c-91c7-ba6ba718c0f6}</UniqueIdentifier>
    </Filter>
  </ItemGroup>
  <ItemGroup>
    <ClInclude Include="Game.h">
      <Filter>Header Files\Util</Filter>
    </ClInclude>
    <ClInclude Include="Event.h">
      <Filter>Header Files\Events</Filter>
    </ClInclude>
    <ClInclude Include="EventListener.h">
      <Filter>Header Files\Events</Filter>
    </ClInclude>
    <ClInclude Include="EventSystem.h">
      <Filter>Header Files\Events</Filter>
    </ClInclude>
    <ClInclude Include="Transform.h">
      <Filter>Header Files\Graphics</Filter>
    </ClInclude>
    <ClInclude Include="Camera.h">
      <Filter>Header Files\Graphics</Filter>
    </ClInclude>
    <ClInclude Include="Color.h">
      <Filter>Header Files\Graphics</Filter>
    </ClInclude>
    <ClInclude Include="Graphics.h">
      <Filter>Header Files\Graphics</Filter>
    </ClInclude>
    <ClInclude Include="Mesh.h">
      <Filter>Header Files\Graphics</Filter>
    </ClInclude>
    <ClInclude Include="ObjLoader.h">
      <Filter>Header Files\Graphics</Filter>
    </ClInclude>
    <ClInclude Include="Shader.h">
      <Filter>Header Files\Graphics</Filter>
    </ClInclude>
    <ClInclude Include="Texture.h">
      <Filter>Header Files\Graphics</Filter>
    </ClInclude>
    <ClInclude Include="Vector2.h">
      <Filter>Header Files\Util</Filter>
    </ClInclude>
    <ClInclude Include="Maths.h">
      <Filter>Header Files\Util</Filter>
    </ClInclude>
    <ClInclude Include="Rect.h">
      <Filter>Header Files\Util</Filter>
    </ClInclude>
    <ClInclude Include="Sprite.h">
      <Filter>Header Files\Graphics</Filter>
    </ClInclude>
    <ClInclude Include="GameMessage.h">
      <Filter>Header Files\Messaging</Filter>
    </ClInclude>
    <ClInclude Include="GameMessageManager.h">
      <Filter>Header Files\Messaging</Filter>
    </ClInclude>
    <ClInclude Include="Notification.h">
      <Filter>Header Files\Messaging</Filter>
    </ClInclude>
    <ClInclude Include="Transaction.h">
      <Filter>Header Files\Messaging</Filter>
    </ClInclude>
    <ClInclude Include="Time.h">
      <Filter>Header Files\Util</Filter>
    </ClInclude>
    <ClInclude Include="TransactionProcessor.h">
      <Filter>Header Files\Messaging</Filter>
    </ClInclude>
    <ClInclude Include="Defines.h">
      <Filter>Header Files\Util</Filter>
    </ClInclude>
    <ClInclude Include="Input.h">
      <Filter>Header Files\Util</Filter>
    </ClInclude>
    <ClInclude Include="Keyboard.h">
      <Filter>Header Files\Util</Filter>
    </ClInclude>
    <ClInclude Include="Mouse.h">
      <Filter>Header Files\Util</Filter>
    </ClInclude>
    <ClInclude Include="Volume.h">
      <Filter>Header Files\Graphics</Filter>
    </ClInclude>
    <ClInclude Include="ResourceManager.h">
      <Filter>Header Files\Util</Filter>
    </ClInclude>
    <ClInclude Include="Vertex.h">
      <Filter>Header Files\Graphics</Filter>
    </ClInclude>
    <ClInclude Include="Texture2D.h">
      <Filter>Header Files\Graphics</Filter>
    </ClInclude>
    <ClInclude Include="NotificationQueue.h">
      <Filter>Header Files\Messaging</Filter>
    </ClInclude>
    <ClInclude Include="NotificationProcessor.h">
      <Filter>Header Files\Messaging</Filter>
    </ClInclude>
    <ClInclude Include="Dictionary.h">
      <Filter>Header Files\Util</Filter>
    </ClInclude>
    <ClInclude Include="Serializable.h">
      <Filter>Header Files\Util</Filter>
    </ClInclude>
    <ClInclude Include="NavigationMesh.h">
      <Filter>Header Files</Filter>
    </ClInclude>
    <ClInclude Include="HalfEdge.h">
      <Filter>Header Files</Filter>
    </ClInclude>
    <ClInclude Include="Node.h">
      <Filter>Header Files</Filter>
    </ClInclude>
    <ClInclude Include="Path.h">
      <Filter>Header Files</Filter>
    </ClInclude>
    <ClInclude Include="NodeRecord.h">
      <Filter>Header Files</Filter>
    </ClInclude>
    <ClInclude Include="Connection.h">
      <Filter>Header Files</Filter>
    </ClInclude>
    <ClInclude Include="Pathfinder.h">
      <Filter>Header Files</Filter>
    </ClInclude>
    <ClInclude Include="Graph.h">
      <Filter>Header Files</Filter>
    </ClInclude>
    <ClInclude Include="Font.h">
      <Filter>Header Files\Graphics</Filter>
    </ClInclude>
  </ItemGroup>
  <ItemGroup>
    <ClCompile Include="Game.cpp">
      <Filter>Source Files\Util</Filter>
    </ClCompile>
    <ClCompile Include="Event.cpp">
      <Filter>Source Files\Events</Filter>
    </ClCompile>
    <ClCompile Include="EventListener.cpp">
      <Filter>Source Files\Events</Filter>
    </ClCompile>
    <ClCompile Include="EventSystem.cpp">
      <Filter>Source Files\Events</Filter>
    </ClCompile>
    <ClCompile Include="Camera.cpp">
      <Filter>Source Files\Graphics</Filter>
    </ClCompile>
    <ClCompile Include="Color.cpp">
      <Filter>Source Files\Graphics</Filter>
    </ClCompile>
    <ClCompile Include="Graphics.cpp">
      <Filter>Source Files\Graphics</Filter>
    </ClCompile>
    <ClCompile Include="Mesh.cpp">
      <Filter>Source Files\Graphics</Filter>
    </ClCompile>
    <ClCompile Include="ObjLoader.cpp">
      <Filter>Source Files\Graphics</Filter>
    </ClCompile>
    <ClCompile Include="Shader.cpp">
      <Filter>Source Files\Graphics</Filter>
    </ClCompile>
    <ClCompile Include="Texture.cpp">
      <Filter>Source Files\Graphics</Filter>
    </ClCompile>
    <ClCompile Include="Transform.cpp">
      <Filter>Source Files\Graphics</Filter>
    </ClCompile>
    <ClCompile Include="Vector2.cpp">
      <Filter>Source Files\Util</Filter>
    </ClCompile>
    <ClCompile Include="Maths.cpp">
      <Filter>Source Files\Util</Filter>
    </ClCompile>
    <ClCompile Include="Rect.cpp">
      <Filter>Source Files\Util</Filter>
    </ClCompile>
    <ClCompile Include="Sprite.cpp">
      <Filter>Source Files\Graphics</Filter>
    </ClCompile>
    <ClCompile Include="GameMessage.cpp">
      <Filter>Source Files\Messaging</Filter>
    </ClCompile>
    <ClCompile Include="GameMessageManager.cpp">
      <Filter>Source Files\Messaging</Filter>
    </ClCompile>
    <ClCompile Include="Notification.cpp">
      <Filter>Source Files\Messaging</Filter>
    </ClCompile>
    <ClCompile Include="Time.cpp">
      <Filter>Source Files\Util</Filter>
    </ClCompile>
    <ClCompile Include="Input.cpp">
      <Filter>Source Files\Util</Filter>
    </ClCompile>
    <ClCompile Include="Keyboard.cpp">
      <Filter>Source Files\Util</Filter>
    </ClCompile>
    <ClCompile Include="Mouse.cpp">
      <Filter>Source Files\Util</Filter>
    </ClCompile>
    <ClCompile Include="Volume.cpp">
      <Filter>Source Files\Graphics</Filter>
    </ClCompile>
    <ClCompile Include="ResourceManager.cpp">
      <Filter>Source Files\Util</Filter>
    </ClCompile>
    <ClCompile Include="Vertex.cpp">
      <Filter>Source Files\Graphics</Filter>
    </ClCompile>
    <ClCompile Include="Texture2D.cpp">
      <Filter>Source Files\Graphics</Filter>
    </ClCompile>
    <ClCompile Include="NotificationQueue.cpp">
      <Filter>Source Files\Messaging</Filter>
    </ClCompile>
    <ClCompile Include="NotificationProcessor.cpp">
      <Filter>Source Files\Messaging</Filter>
    </ClCompile>
    <ClCompile Include="Dictionary.cpp">
      <Filter>Source Files\Util</Filter>
    </ClCompile>
    <ClCompile Include="Transaction.cpp">
      <Filter>Source Files\Messaging</Filter>
    </ClCompile>
    <ClCompile Include="Serializable.cpp">
      <Filter>Source Files\Util</Filter>
    </ClCompile>
    <ClCompile Include="NavigationMesh.cpp">
      <Filter>Source Files</Filter>
    </ClCompile>
    <ClCompile Include="HalfEdge.cpp">
      <Filter>Source Files</Filter>
    </ClCompile>
    <ClCompile Include="Node.cpp">
      <Filter>Source Files</Filter>
    </ClCompile>
    <ClCompile Include="Path.cpp">
      <Filter>Source Files</Filter>
    </ClCompile>
    <ClCompile Include="Connection.cpp">
      <Filter>Source Files</Filter>
    </ClCompile>
    <ClCompile Include="Pathfinder.cpp">
      <Filter>Source Files</Filter>
    </ClCompile>
    <ClCompile Include="Graph.cpp">
      <Filter>Source Files</Filter>
    </ClCompile>
    <ClCompile Include="Font.cpp">
      <Filter>Source Files\Graphics</Filter>
    </ClCompile>
  </ItemGroup>
</Project>