
Microsoft Visual Studio Solution File, Format Version 12.00
# Visual Studio 14
VisualStudioVersion = 14.0.25420.1
MinimumVisualStudioVersion = 10.0.40219.1
Project("{8BC9CEB8-8B4A-11D0-8D11-00A0C91BC942}") = "MemeLib-Core", "MemeLib-Core\MemeLib-Core.vcxproj", "{4D529145-DBA8-4C8B-A343-E9C0E3B76DB4}"
	ProjectSection(ProjectDependencies) = postProject
		{DB900E08-5331-46D6-B450-6775A2C7C856} = {DB900E08-5331-46D6-B450-6775A2C7C856}
	EndProjectSection
EndProject
Project("{8BC9CEB8-8B4A-11D0-8D11-00A0C91BC942}") = "Game-Client", "Game-Client\Game-Client.vcxproj", "{CE9DB759-318D-4923-91A8-EA64F48BA027}"
	ProjectSection(ProjectDependencies) = postProject
		{DB900E08-5331-46D6-B450-6775A2C7C856} = {DB900E08-5331-46D6-B450-6775A2C7C856}
		{4D529145-DBA8-4C8B-A343-E9C0E3B76DB4} = {4D529145-DBA8-4C8B-A343-E9C0E3B76DB4}
		{8BD8497C-38C0-4600-8A57-D5BF06403071} = {8BD8497C-38C0-4600-8A57-D5BF06403071}
		{14BB0F96-78F3-4278-A49E-D9281899493A} = {14BB0F96-78F3-4278-A49E-D9281899493A}
	EndProjectSection
EndProject
Project("{8BC9CEB8-8B4A-11D0-8D11-00A0C91BC942}") = "DeanLib", "..\libraries\DeanLib\DeanLib.vcxproj", "{DB900E08-5331-46D6-B450-6775A2C7C856}"
EndProject
Project("{2150E333-8FDC-42A3-9474-1A3956D46DE8}") = "MemeLib", "MemeLib", "{599223DC-B199-4508-8489-0600E9255CC4}"
EndProject
Project("{8BC9CEB8-8B4A-11D0-8D11-00A0C91BC942}") = "MemeLib-Ext", "MemeLib-Ext\MemeLib-Ext.vcxproj", "{8BD8497C-38C0-4600-8A57-D5BF06403071}"
	ProjectSection(ProjectDependencies) = postProject
		{DB900E08-5331-46D6-B450-6775A2C7C856} = {DB900E08-5331-46D6-B450-6775A2C7C856}
		{4D529145-DBA8-4C8B-A343-E9C0E3B76DB4} = {4D529145-DBA8-4C8B-A343-E9C0E3B76DB4}
	EndProjectSection
EndProject
Project("{8BC9CEB8-8B4A-11D0-8D11-00A0C91BC942}") = "Game-Server", "Game-Server\Game-Server.vcxproj", "{39C5A4D4-E339-476D-8C70-7C7B98831860}"
	ProjectSection(ProjectDependencies) = postProject
		{DB900E08-5331-46D6-B450-6775A2C7C856} = {DB900E08-5331-46D6-B450-6775A2C7C856}
		{4D529145-DBA8-4C8B-A343-E9C0E3B76DB4} = {4D529145-DBA8-4C8B-A343-E9C0E3B76DB4}
		{8BD8497C-38C0-4600-8A57-D5BF06403071} = {8BD8497C-38C0-4600-8A57-D5BF06403071}
		{14BB0F96-78F3-4278-A49E-D9281899493A} = {14BB0F96-78F3-4278-A49E-D9281899493A}
	EndProjectSection
EndProject
Project("{8BC9CEB8-8B4A-11D0-8D11-00A0C91BC942}") = "Common", "Common\Common.vcxproj", "{14BB0F96-78F3-4278-A49E-D9281899493A}"
	ProjectSection(ProjectDependencies) = postProject
		{DB900E08-5331-46D6-B450-6775A2C7C856} = {DB900E08-5331-46D6-B450-6775A2C7C856}
		{4D529145-DBA8-4C8B-A343-E9C0E3B76DB4} = {4D529145-DBA8-4C8B-A343-E9C0E3B76DB4}
		{8BD8497C-38C0-4600-8A57-D5BF06403071} = {8BD8497C-38C0-4600-8A57-D5BF06403071}
	EndProjectSection
EndProject
Global
	GlobalSection(SolutionConfigurationPlatforms) = preSolution
		Debug Multithreaded|x64 = Debug Multithreaded|x64
		Debug Multithreaded|x86 = Debug Multithreaded|x86
		Debug Singlethreaded|x64 = Debug Singlethreaded|x64
		Debug Singlethreaded|x86 = Debug Singlethreaded|x86
		Debug|x64 = Debug|x64
		Debug|x86 = Debug|x86
		Release Multithreaded|x64 = Release Multithreaded|x64
		Release Multithreaded|x86 = Release Multithreaded|x86
		Release Singlethreaded|x64 = Release Singlethreaded|x64
		Release Singlethreaded|x86 = Release Singlethreaded|x86
		Release|x64 = Release|x64
		Release|x86 = Release|x86
	EndGlobalSection
	GlobalSection(ProjectConfigurationPlatforms) = postSolution
		{4D529145-DBA8-4C8B-A343-E9C0E3B76DB4}.Debug Multithreaded|x64.ActiveCfg = Debug|x64
		{4D529145-DBA8-4C8B-A343-E9C0E3B76DB4}.Debug Multithreaded|x64.Build.0 = Debug|x64
		{4D529145-DBA8-4C8B-A343-E9C0E3B76DB4}.Debug Multithreaded|x86.ActiveCfg = Debug|Win32
		{4D529145-DBA8-4C8B-A343-E9C0E3B76DB4}.Debug Multithreaded|x86.Build.0 = Debug|Win32
		{4D529145-DBA8-4C8B-A343-E9C0E3B76DB4}.Debug Singlethreaded|x64.ActiveCfg = Debug|x64
		{4D529145-DBA8-4C8B-A343-E9C0E3B76DB4}.Debug Singlethreaded|x64.Build.0 = Debug|x64
		{4D529145-DBA8-4C8B-A343-E9C0E3B76DB4}.Debug Singlethreaded|x86.ActiveCfg = Debug|Win32
		{4D529145-DBA8-4C8B-A343-E9C0E3B76DB4}.Debug Singlethreaded|x86.Build.0 = Debug|Win32
		{4D529145-DBA8-4C8B-A343-E9C0E3B76DB4}.Debug|x64.ActiveCfg = Debug|x64
		{4D529145-DBA8-4C8B-A343-E9C0E3B76DB4}.Debug|x64.Build.0 = Debug|x64
		{4D529145-DBA8-4C8B-A343-E9C0E3B76DB4}.Debug|x86.ActiveCfg = Debug|Win32
		{4D529145-DBA8-4C8B-A343-E9C0E3B76DB4}.Debug|x86.Build.0 = Debug|Win32
		{4D529145-DBA8-4C8B-A343-E9C0E3B76DB4}.Release Multithreaded|x64.ActiveCfg = Release|x64
		{4D529145-DBA8-4C8B-A343-E9C0E3B76DB4}.Release Multithreaded|x64.Build.0 = Release|x64
		{4D529145-DBA8-4C8B-A343-E9C0E3B76DB4}.Release Multithreaded|x86.ActiveCfg = Release|Win32
		{4D529145-DBA8-4C8B-A343-E9C0E3B76DB4}.Release Multithreaded|x86.Build.0 = Release|Win32
		{4D529145-DBA8-4C8B-A343-E9C0E3B76DB4}.Release Singlethreaded|x64.ActiveCfg = Release|x64
		{4D529145-DBA8-4C8B-A343-E9C0E3B76DB4}.Release Singlethreaded|x64.Build.0 = Release|x64
		{4D529145-DBA8-4C8B-A343-E9C0E3B76DB4}.Release Singlethreaded|x86.ActiveCfg = Release|Win32
		{4D529145-DBA8-4C8B-A343-E9C0E3B76DB4}.Release Singlethreaded|x86.Build.0 = Release|Win32
		{4D529145-DBA8-4C8B-A343-E9C0E3B76DB4}.Release|x64.ActiveCfg = Release|x64
		{4D529145-DBA8-4C8B-A343-E9C0E3B76DB4}.Release|x64.Build.0 = Release|x64
		{4D529145-DBA8-4C8B-A343-E9C0E3B76DB4}.Release|x86.ActiveCfg = Release|Win32
		{4D529145-DBA8-4C8B-A343-E9C0E3B76DB4}.Release|x86.Build.0 = Release|Win32
		{CE9DB759-318D-4923-91A8-EA64F48BA027}.Debug Multithreaded|x64.ActiveCfg = Debug|x64
		{CE9DB759-318D-4923-91A8-EA64F48BA027}.Debug Multithreaded|x64.Build.0 = Debug|x64
		{CE9DB759-318D-4923-91A8-EA64F48BA027}.Debug Multithreaded|x86.ActiveCfg = Debug|Win32
		{CE9DB759-318D-4923-91A8-EA64F48BA027}.Debug Multithreaded|x86.Build.0 = Debug|Win32
		{CE9DB759-318D-4923-91A8-EA64F48BA027}.Debug Singlethreaded|x64.ActiveCfg = Debug|x64
		{CE9DB759-318D-4923-91A8-EA64F48BA027}.Debug Singlethreaded|x64.Build.0 = Debug|x64
		{CE9DB759-318D-4923-91A8-EA64F48BA027}.Debug Singlethreaded|x86.ActiveCfg = Debug|Win32
		{CE9DB759-318D-4923-91A8-EA64F48BA027}.Debug Singlethreaded|x86.Build.0 = Debug|Win32
		{CE9DB759-318D-4923-91A8-EA64F48BA027}.Debug|x64.ActiveCfg = Debug|x64
		{CE9DB759-318D-4923-91A8-EA64F48BA027}.Debug|x64.Build.0 = Debug|x64
		{CE9DB759-318D-4923-91A8-EA64F48BA027}.Debug|x86.ActiveCfg = Debug|Win32
		{CE9DB759-318D-4923-91A8-EA64F48BA027}.Debug|x86.Build.0 = Debug|Win32
		{CE9DB759-318D-4923-91A8-EA64F48BA027}.Release Multithreaded|x64.ActiveCfg = Release|x64
		{CE9DB759-318D-4923-91A8-EA64F48BA027}.Release Multithreaded|x64.Build.0 = Release|x64
		{CE9DB759-318D-4923-91A8-EA64F48BA027}.Release Multithreaded|x86.ActiveCfg = Release|Win32
		{CE9DB759-318D-4923-91A8-EA64F48BA027}.Release Multithreaded|x86.Build.0 = Release|Win32
		{CE9DB759-318D-4923-91A8-EA64F48BA027}.Release Singlethreaded|x64.ActiveCfg = Release|x64
		{CE9DB759-318D-4923-91A8-EA64F48BA027}.Release Singlethreaded|x64.Build.0 = Release|x64
		{CE9DB759-318D-4923-91A8-EA64F48BA027}.Release Singlethreaded|x86.ActiveCfg = Release|Win32
		{CE9DB759-318D-4923-91A8-EA64F48BA027}.Release Singlethreaded|x86.Build.0 = Release|Win32
		{CE9DB759-318D-4923-91A8-EA64F48BA027}.Release|x64.ActiveCfg = Release|x64
		{CE9DB759-318D-4923-91A8-EA64F48BA027}.Release|x64.Build.0 = Release|x64
		{CE9DB759-318D-4923-91A8-EA64F48BA027}.Release|x86.ActiveCfg = Release|Win32
		{CE9DB759-318D-4923-91A8-EA64F48BA027}.Release|x86.Build.0 = Release|Win32
		{DB900E08-5331-46D6-B450-6775A2C7C856}.Debug Multithreaded|x64.ActiveCfg = Release|Win32
		{DB900E08-5331-46D6-B450-6775A2C7C856}.Debug Multithreaded|x64.Build.0 = Release|Win32
		{DB900E08-5331-46D6-B450-6775A2C7C856}.Debug Multithreaded|x86.ActiveCfg = Debug|Win32
		{DB900E08-5331-46D6-B450-6775A2C7C856}.Debug Multithreaded|x86.Build.0 = Debug|Win32
		{DB900E08-5331-46D6-B450-6775A2C7C856}.Debug Singlethreaded|x64.ActiveCfg = Release|Win32
		{DB900E08-5331-46D6-B450-6775A2C7C856}.Debug Singlethreaded|x64.Build.0 = Release|Win32
		{DB900E08-5331-46D6-B450-6775A2C7C856}.Debug Singlethreaded|x86.ActiveCfg = Debug|Win32
		{DB900E08-5331-46D6-B450-6775A2C7C856}.Debug Singlethreaded|x86.Build.0 = Debug|Win32
		{DB900E08-5331-46D6-B450-6775A2C7C856}.Debug|x64.ActiveCfg = Debug|Win32
		{DB900E08-5331-46D6-B450-6775A2C7C856}.Debug|x86.ActiveCfg = Debug|Win32
		{DB900E08-5331-46D6-B450-6775A2C7C856}.Debug|x86.Build.0 = Debug|Win32
		{DB900E08-5331-46D6-B450-6775A2C7C856}.Release Multithreaded|x64.ActiveCfg = Release|Win32
		{DB900E08-5331-46D6-B450-6775A2C7C856}.Release Multithreaded|x64.Build.0 = Release|Win32
		{DB900E08-5331-46D6-B450-6775A2C7C856}.Release Multithreaded|x86.ActiveCfg = Release|Win32
		{DB900E08-5331-46D6-B450-6775A2C7C856}.Release Multithreaded|x86.Build.0 = Release|Win32
		{DB900E08-5331-46D6-B450-6775A2C7C856}.Release Singlethreaded|x64.ActiveCfg = Release|Win32
		{DB900E08-5331-46D6-B450-6775A2C7C856}.Release Singlethreaded|x64.Build.0 = Release|Win32
		{DB900E08-5331-46D6-B450-6775A2C7C856}.Release Singlethreaded|x86.ActiveCfg = Release|Win32
		{DB900E08-5331-46D6-B450-6775A2C7C856}.Release Singlethreaded|x86.Build.0 = Release|Win32
		{DB900E08-5331-46D6-B450-6775A2C7C856}.Release|x64.ActiveCfg = Release|Win32
		{DB900E08-5331-46D6-B450-6775A2C7C856}.Release|x86.ActiveCfg = Release|Win32
		{DB900E08-5331-46D6-B450-6775A2C7C856}.Release|x86.Build.0 = Release|Win32
		{8BD8497C-38C0-4600-8A57-D5BF06403071}.Debug Multithreaded|x64.ActiveCfg = Debug|x64
		{8BD8497C-38C0-4600-8A57-D5BF06403071}.Debug Multithreaded|x64.Build.0 = Debug|x64
		{8BD8497C-38C0-4600-8A57-D5BF06403071}.Debug Multithreaded|x86.ActiveCfg = Debug|Win32
		{8BD8497C-38C0-4600-8A57-D5BF06403071}.Debug Multithreaded|x86.Build.0 = Debug|Win32
		{8BD8497C-38C0-4600-8A57-D5BF06403071}.Debug Singlethreaded|x64.ActiveCfg = Debug|x64
		{8BD8497C-38C0-4600-8A57-D5BF06403071}.Debug Singlethreaded|x64.Build.0 = Debug|x64
		{8BD8497C-38C0-4600-8A57-D5BF06403071}.Debug Singlethreaded|x86.ActiveCfg = Debug|Win32
		{8BD8497C-38C0-4600-8A57-D5BF06403071}.Debug Singlethreaded|x86.Build.0 = Debug|Win32
		{8BD8497C-38C0-4600-8A57-D5BF06403071}.Debug|x64.ActiveCfg = Debug|x64
		{8BD8497C-38C0-4600-8A57-D5BF06403071}.Debug|x64.Build.0 = Debug|x64
		{8BD8497C-38C0-4600-8A57-D5BF06403071}.Debug|x86.ActiveCfg = Debug|Win32
		{8BD8497C-38C0-4600-8A57-D5BF06403071}.Debug|x86.Build.0 = Debug|Win32
		{8BD8497C-38C0-4600-8A57-D5BF06403071}.Release Multithreaded|x64.ActiveCfg = Release|x64
		{8BD8497C-38C0-4600-8A57-D5BF06403071}.Release Multithreaded|x64.Build.0 = Release|x64
		{8BD8497C-38C0-4600-8A57-D5BF06403071}.Release Multithreaded|x86.ActiveCfg = Release|Win32
		{8BD8497C-38C0-4600-8A57-D5BF06403071}.Release Multithreaded|x86.Build.0 = Release|Win32
		{8BD8497C-38C0-4600-8A57-D5BF06403071}.Release Singlethreaded|x64.ActiveCfg = Release|x64
		{8BD8497C-38C0-4600-8A57-D5BF06403071}.Release Singlethreaded|x64.Build.0 = Release|x64
		{8BD8497C-38C0-4600-8A57-D5BF06403071}.Release Singlethreaded|x86.ActiveCfg = Release|Win32
		{8BD8497C-38C0-4600-8A57-D5BF06403071}.Release Singlethreaded|x86.Build.0 = Release|Win32
		{8BD8497C-38C0-4600-8A57-D5BF06403071}.Release|x64.ActiveCfg = Release|x64
		{8BD8497C-38C0-4600-8A57-D5BF06403071}.Release|x64.Build.0 = Release|x64
		{8BD8497C-38C0-4600-8A57-D5BF06403071}.Release|x86.ActiveCfg = Release|Win32
		{8BD8497C-38C0-4600-8A57-D5BF06403071}.Release|x86.Build.0 = Release|Win32
		{39C5A4D4-E339-476D-8C70-7C7B98831860}.Debug Multithreaded|x64.ActiveCfg = Debug|x64
		{39C5A4D4-E339-476D-8C70-7C7B98831860}.Debug Multithreaded|x64.Build.0 = Debug|x64
		{39C5A4D4-E339-476D-8C70-7C7B98831860}.Debug Multithreaded|x86.ActiveCfg = Debug|Win32
		{39C5A4D4-E339-476D-8C70-7C7B98831860}.Debug Multithreaded|x86.Build.0 = Debug|Win32
		{39C5A4D4-E339-476D-8C70-7C7B98831860}.Debug Singlethreaded|x64.ActiveCfg = Debug|x64
		{39C5A4D4-E339-476D-8C70-7C7B98831860}.Debug Singlethreaded|x64.Build.0 = Debug|x64
		{39C5A4D4-E339-476D-8C70-7C7B98831860}.Debug Singlethreaded|x86.ActiveCfg = Debug|Win32
		{39C5A4D4-E339-476D-8C70-7C7B98831860}.Debug Singlethreaded|x86.Build.0 = Debug|Win32
		{39C5A4D4-E339-476D-8C70-7C7B98831860}.Debug|x64.ActiveCfg = Debug|x64
		{39C5A4D4-E339-476D-8C70-7C7B98831860}.Debug|x64.Build.0 = Debug|x64
		{39C5A4D4-E339-476D-8C70-7C7B98831860}.Debug|x86.ActiveCfg = Debug|Win32
		{39C5A4D4-E339-476D-8C70-7C7B98831860}.Debug|x86.Build.0 = Debug|Win32
		{39C5A4D4-E339-476D-8C70-7C7B98831860}.Release Multithreaded|x64.ActiveCfg = Release|x64
		{39C5A4D4-E339-476D-8C70-7C7B98831860}.Release Multithreaded|x64.Build.0 = Release|x64
		{39C5A4D4-E339-476D-8C70-7C7B98831860}.Release Multithreaded|x86.ActiveCfg = Release|Win32
		{39C5A4D4-E339-476D-8C70-7C7B98831860}.Release Multithreaded|x86.Build.0 = Release|Win32
		{39C5A4D4-E339-476D-8C70-7C7B98831860}.Release Singlethreaded|x64.ActiveCfg = Release|x64
		{39C5A4D4-E339-476D-8C70-7C7B98831860}.Release Singlethreaded|x64.Build.0 = Release|x64
		{39C5A4D4-E339-476D-8C70-7C7B98831860}.Release Singlethreaded|x86.ActiveCfg = Release|Win32
		{39C5A4D4-E339-476D-8C70-7C7B98831860}.Release Singlethreaded|x86.Build.0 = Release|Win32
		{39C5A4D4-E339-476D-8C70-7C7B98831860}.Release|x64.ActiveCfg = Release|x64
		{39C5A4D4-E339-476D-8C70-7C7B98831860}.Release|x64.Build.0 = Release|x64
		{39C5A4D4-E339-476D-8C70-7C7B98831860}.Release|x86.ActiveCfg = Release|Win32
		{39C5A4D4-E339-476D-8C70-7C7B98831860}.Release|x86.Build.0 = Release|Win32
		{14BB0F96-78F3-4278-A49E-D9281899493A}.Debug Multithreaded|x64.ActiveCfg = Debug|x64
		{14BB0F96-78F3-4278-A49E-D9281899493A}.Debug Multithreaded|x64.Build.0 = Debug|x64
		{14BB0F96-78F3-4278-A49E-D9281899493A}.Debug Multithreaded|x86.ActiveCfg = Debug|Win32
		{14BB0F96-78F3-4278-A49E-D9281899493A}.Debug Multithreaded|x86.Build.0 = Debug|Win32
		{14BB0F96-78F3-4278-A49E-D9281899493A}.Debug Singlethreaded|x64.ActiveCfg = Debug|x64
		{14BB0F96-78F3-4278-A49E-D9281899493A}.Debug Singlethreaded|x64.Build.0 = Debug|x64
		{14BB0F96-78F3-4278-A49E-D9281899493A}.Debug Singlethreaded|x86.ActiveCfg = Debug|Win32
		{14BB0F96-78F3-4278-A49E-D9281899493A}.Debug Singlethreaded|x86.Build.0 = Debug|Win32
		{14BB0F96-78F3-4278-A49E-D9281899493A}.Debug|x64.ActiveCfg = Debug|x64
		{14BB0F96-78F3-4278-A49E-D9281899493A}.Debug|x64.Build.0 = Debug|x64
		{14BB0F96-78F3-4278-A49E-D9281899493A}.Debug|x86.ActiveCfg = Debug|Win32
		{14BB0F96-78F3-4278-A49E-D9281899493A}.Debug|x86.Build.0 = Debug|Win32
		{14BB0F96-78F3-4278-A49E-D9281899493A}.Release Multithreaded|x64.ActiveCfg = Release|x64
		{14BB0F96-78F3-4278-A49E-D9281899493A}.Release Multithreaded|x64.Build.0 = Release|x64
		{14BB0F96-78F3-4278-A49E-D9281899493A}.Release Multithreaded|x86.ActiveCfg = Release|Win32
		{14BB0F96-78F3-4278-A49E-D9281899493A}.Release Multithreaded|x86.Build.0 = Release|Win32
		{14BB0F96-78F3-4278-A49E-D9281899493A}.Release Singlethreaded|x64.ActiveCfg = Release|x64
		{14BB0F96-78F3-4278-A49E-D9281899493A}.Release Singlethreaded|x64.Build.0 = Release|x64
		{14BB0F96-78F3-4278-A49E-D9281899493A}.Release Singlethreaded|x86.ActiveCfg = Release|Win32
		{14BB0F96-78F3-4278-A49E-D9281899493A}.Release Singlethreaded|x86.Build.0 = Release|Win32
		{14BB0F96-78F3-4278-A49E-D9281899493A}.Release|x64.ActiveCfg = Release|x64
		{14BB0F96-78F3-4278-A49E-D9281899493A}.Release|x64.Build.0 = Release|x64
		{14BB0F96-78F3-4278-A49E-D9281899493A}.Release|x86.ActiveCfg = Release|Win32
		{14BB0F96-78F3-4278-A49E-D9281899493A}.Release|x86.Build.0 = Release|Win32
	EndGlobalSection
	GlobalSection(SolutionProperties) = preSolution
		HideSolutionNode = FALSE
	EndGlobalSection
	GlobalSection(NestedProjects) = preSolution
		{4D529145-DBA8-4C8B-A343-E9C0E3B76DB4} = {599223DC-B199-4508-8489-0600E9255CC4}
		{DB900E08-5331-46D6-B450-6775A2C7C856} = {599223DC-B199-4508-8489-0600E9255CC4}
		{8BD8497C-38C0-4600-8A57-D5BF06403071} = {599223DC-B199-4508-8489-0600E9255CC4}
	EndGlobalSection
EndGlobal
