<?xml version="1.0" encoding="utf-8"?>
<Project ToolsVersion="4.0" xmlns="http://schemas.microsoft.com/developer/msbuild/2003">
  <ItemGroup>
    <Filter Include="Source Files">
      <UniqueIdentifier>{4FC737F1-C7A5-4376-A066-2A32D752A2FF}</UniqueIdentifier>
      <Extensions>cpp;c;cc;cxx;def;odl;idl;hpj;bat;asm;asmx</Extensions>
    </Filter>
    <Filter Include="Header Files">
      <UniqueIdentifier>{93995380-89BD-4b04-88EB-625FBE52EBFB}</UniqueIdentifier>
      <Extensions>h;hh;hpp;hxx;hm;inl;inc;xsd</Extensions>
    </Filter>
    <Filter Include="Header Files\Components">
      <UniqueIdentifier>{e43d2d60-3379-4b6f-ab27-5d2ef1f9d781}</UniqueIdentifier>
    </Filter>
    <Filter Include="Header Files\Events">
      <UniqueIdentifier>{1d815eaf-ae6a-4b17-8ade-fe7689782906}</UniqueIdentifier>
    </Filter>
    <Filter Include="Header Files\Steering">
      <UniqueIdentifier>{0dc1bdbd-572a-43bc-bdbf-70bbe55e6bcc}</UniqueIdentifier>
    </Filter>
    <Filter Include="Header Files\Units">
      <UniqueIdentifier>{216d9a15-bd9c-44b1-9ff5-03c2918f2ab2}</UniqueIdentifier>
    </Filter>
    <Filter Include="Header Files\Pathfinding">
      <UniqueIdentifier>{623e4d91-0695-4c64-a421-b46479f564fe}</UniqueIdentifier>
    </Filter>
    <Filter Include="Header Files\Pathfinding\Pathfinders">
      <UniqueIdentifier>{03470b53-b7d6-4e17-8e1d-a8b985114183}</UniqueIdentifier>
    </Filter>
    <Filter Include="Header Files\Pathfinding\Core">
      <UniqueIdentifier>{ce20dd5e-2950-4b76-8957-61b8decbae96}</UniqueIdentifier>
    </Filter>
    <Filter Include="Header Files\Pathfinding\NavMesh">
      <UniqueIdentifier>{f6b609e5-e6f6-4333-a5f0-d42fb2b626fc}</UniqueIdentifier>
    </Filter>
    <Filter Include="Source Files\Units">
      <UniqueIdentifier>{65530013-2467-4031-b890-97c64ab4ee19}</UniqueIdentifier>
    </Filter>
    <Filter Include="Source Files\Components">
      <UniqueIdentifier>{bb0df405-bb22-49b0-b85e-cc480c4547db}</UniqueIdentifier>
    </Filter>
    <Filter Include="Source Files\Events">
      <UniqueIdentifier>{036eff07-d3d1-42e1-8802-326b958d90ec}</UniqueIdentifier>
    </Filter>
    <Filter Include="Source Files\Pathfinding">
      <UniqueIdentifier>{2b535500-5e89-4aeb-9cb9-20ce12fd2e5a}</UniqueIdentifier>
    </Filter>
    <Filter Include="Source Files\Pathfinding\Pathfinders">
      <UniqueIdentifier>{e548de5c-b3fe-43ea-8b99-7884abd865a1}</UniqueIdentifier>
    </Filter>
    <Filter Include="Source Files\Pathfinding\Core">
      <UniqueIdentifier>{5fab4aaa-6bcc-4f25-8b6c-ef8ed70e76b7}</UniqueIdentifier>
    </Filter>
    <Filter Include="Source Files\Pathfinding\NavMesh">
      <UniqueIdentifier>{befd01f0-96a3-4268-b87e-3765a57046e0}</UniqueIdentifier>
    </Filter>
    <Filter Include="Source Files\Steering">
      <UniqueIdentifier>{5ef97c2e-7fdf-4470-ae04-c21890e5eb02}</UniqueIdentifier>
    </Filter>
    <Filter Include="Header Files\Net">
      <UniqueIdentifier>{76d12083-3a8d-4102-8dcf-50202cbc1fc7}</UniqueIdentifier>
    </Filter>
    <Filter Include="Source Files\Net">
      <UniqueIdentifier>{eb12f046-88db-420a-984e-a14722420d70}</UniqueIdentifier>
    </Filter>
    <Filter Include="Header Files\Game Objects">
      <UniqueIdentifier>{36e42803-7d85-4212-b653-9835ea3d46ca}</UniqueIdentifier>
    </Filter>
    <Filter Include="Source Files\Game Objects">
      <UniqueIdentifier>{46fb2e4d-efed-4c64-b79d-c088184dfc32}</UniqueIdentifier>
    </Filter>
  </ItemGroup>
  <ItemGroup>
    <ClCompile Include="UnitManager.cpp">
      <Filter>Source Files\Units</Filter>
    </ClCompile>
    <ClCompile Include="Unit.cpp">
      <Filter>Source Files\Units</Filter>
    </ClCompile>
    <ClCompile Include="SteeringComponent.cpp">
      <Filter>Source Files\Components</Filter>
    </ClCompile>
    <ClCompile Include="PhysicsComponent.cpp">
      <Filter>Source Files\Components</Filter>
    </ClCompile>
    <ClCompile Include="ComponentManager.cpp">
      <Filter>Source Files\Components</Filter>
    </ClCompile>
    <ClCompile Include="AStarPathfinder.cpp">
      <Filter>Source Files\Pathfinding\Pathfinders</Filter>
    </ClCompile>
    <ClCompile Include="Pathfinder.cpp">
      <Filter>Source Files\Pathfinding\Pathfinders</Filter>
    </ClCompile>
    <ClCompile Include="ArriveSteering.cpp">
      <Filter>Source Files\Steering</Filter>
    </ClCompile>
    <ClCompile Include="FaceSteering.cpp">
      <Filter>Source Files\Steering</Filter>
    </ClCompile>
    <ClCompile Include="SeekSteering.cpp">
      <Filter>Source Files\Steering</Filter>
    </ClCompile>
    <ClCompile Include="Steering.cpp">
      <Filter>Source Files\Steering</Filter>
    </ClCompile>
    <ClCompile Include="BeginPathingEvent.cpp">
      <Filter>Source Files\Events</Filter>
    </ClCompile>
    <ClCompile Include="ChangeTargetEvent.cpp">
      <Filter>Source Files\Events</Filter>
    </ClCompile>
    <ClCompile Include="SpawnEvent.cpp">
      <Filter>Source Files\Events</Filter>
    </ClCompile>
    <ClCompile Include="PathFollowSteering.cpp">
      <Filter>Source Files\Steering</Filter>
    </ClCompile>
    <ClCompile Include="Path.cpp">
      <Filter>Source Files\Pathfinding\Core</Filter>
    </ClCompile>
    <ClCompile Include="Node.cpp">
      <Filter>Source Files\Pathfinding\Core</Filter>
    </ClCompile>
    <ClCompile Include="NavMesh.cpp">
      <Filter>Source Files\Pathfinding\NavMesh</Filter>
    </ClCompile>
    <ClCompile Include="Connection.cpp">
      <Filter>Source Files\Pathfinding\Core</Filter>
    </ClCompile>
    <ClCompile Include="Graph.cpp">
      <Filter>Source Files\Pathfinding\Core</Filter>
    </ClCompile>
    <ClCompile Include="LinkingContext.cpp">
      <Filter>Source Files\Net</Filter>
    </ClCompile>
    <ClCompile Include="GameObject.cpp">
      <Filter>Source Files\Game Objects</Filter>
    </ClCompile>
    <ClCompile Include="GameObjectManager.cpp">
      <Filter>Source Files\Game Objects</Filter>
    </ClCompile>
    <ClCompile Include="ObjectCreationRegistry.cpp">
      <Filter>Source Files\Net</Filter>
    </ClCompile>
    <ClCompile Include="RPCManager.cpp">
      <Filter>Source Files\Net</Filter>
    </ClCompile>
  </ItemGroup>
  <ItemGroup>
    <ClInclude Include="UnitManager.h">
      <Filter>Header Files\Units</Filter>
    </ClInclude>
    <ClInclude Include="Unit.h">
      <Filter>Header Files\Units</Filter>
    </ClInclude>
    <ClInclude Include="SteeringComponent.h">
      <Filter>Header Files\Components</Filter>
    </ClInclude>
    <ClInclude Include="PositionComponent.h">
      <Filter>Header Files\Components</Filter>
    </ClInclude>
    <ClInclude Include="PhysicsComponent.h">
      <Filter>Header Files\Components</Filter>
    </ClInclude>
    <ClInclude Include="ComponentManager.h">
      <Filter>Header Files\Components</Filter>
    </ClInclude>
    <ClInclude Include="Component.h">
      <Filter>Header Files\Components</Filter>
    </ClInclude>
    <ClInclude Include="Steering.h">
      <Filter>Header Files\Steering</Filter>
    </ClInclude>
    <ClInclude Include="ArriveSteering.h">
      <Filter>Header Files\Steering</Filter>
    </ClInclude>
    <ClInclude Include="FaceSteering.h">
      <Filter>Header Files\Steering</Filter>
    </ClInclude>
    <ClInclude Include="SeekSteering.h">
      <Filter>Header Files\Steering</Filter>
    </ClInclude>
    <ClInclude Include="PathFollowSteering.h">
      <Filter>Header Files\Steering</Filter>
    </ClInclude>
    <ClInclude Include="SpawnEvent.h">
      <Filter>Header Files\Events</Filter>
    </ClInclude>
    <ClInclude Include="ChangeTargetEvent.h">
      <Filter>Header Files\Events</Filter>
    </ClInclude>
    <ClInclude Include="BeginPathingEvent.h">
      <Filter>Header Files\Events</Filter>
    </ClInclude>
    <ClInclude Include="Pathfinder.h">
      <Filter>Header Files\Pathfinding\Pathfinders</Filter>
    </ClInclude>
    <ClInclude Include="AStarPathfinder.h">
      <Filter>Header Files\Pathfinding\Pathfinders</Filter>
    </ClInclude>
    <ClInclude Include="NavMesh.h">
      <Filter>Header Files\Pathfinding\NavMesh</Filter>
    </ClInclude>
    <ClInclude Include="Graph.h">
      <Filter>Header Files\Pathfinding\Core</Filter>
    </ClInclude>
    <ClInclude Include="Face.h">
      <Filter>Header Files\Pathfinding\Core</Filter>
    </ClInclude>
    <ClInclude Include="Edge.h">
      <Filter>Header Files\Pathfinding\Core</Filter>
    </ClInclude>
    <ClInclude Include="Connection.h">
      <Filter>Header Files\Pathfinding\Core</Filter>
    </ClInclude>
    <ClInclude Include="HalfEdge.h">
      <Filter>Header Files\Pathfinding\Core</Filter>
    </ClInclude>
    <ClInclude Include="Node.h">
      <Filter>Header Files\Pathfinding\Core</Filter>
    </ClInclude>
    <ClInclude Include="Path.h">
      <Filter>Header Files\Pathfinding\Core</Filter>
    </ClInclude>
    <ClInclude Include="LinkingContext.h">
      <Filter>Header Files\Net</Filter>
    </ClInclude>
    <ClInclude Include="ObjectCreationRegistry.h">
      <Filter>Header Files\Net</Filter>
    </ClInclude>
    <ClInclude Include="GameObjectManager.h">
      <Filter>Header Files\Game Objects</Filter>
    </ClInclude>
    <ClInclude Include="GameObject.h">
      <Filter>Header Files\Game Objects</Filter>
    </ClInclude>
    <ClInclude Include="RPCManager.h">
      <Filter>Header Files\Net</Filter>
    </ClInclude>
    <ClInclude Include="Net.h">
      <Filter>Header Files\Net</Filter>
    </ClInclude>
    <ClInclude Include="EventsExt.h">
      <Filter>Header Files\Events</Filter>
    </ClInclude>
  </ItemGroup>
</Project>