<?xml version="1.0" encoding="utf-8"?>
<Project ToolsVersion="4.0" xmlns="http://schemas.microsoft.com/developer/msbuild/2003">
  <ItemGroup>
    <Filter Include="Source Files">
      <UniqueIdentifier>{4FC737F1-C7A5-4376-A066-2A32D752A2FF}</UniqueIdentifier>
      <Extensions>cpp;c;cc;cxx;def;odl;idl;hpj;bat;asm;asmx</Extensions>
    </Filter>
    <Filter Include="Header Files">
      <UniqueIdentifier>{93995380-89BD-4b04-88EB-625FBE52EBFB}</UniqueIdentifier>
      <Extensions>h;hh;hpp;hxx;hm;inl;inc;xsd</Extensions>
    </Filter>
    <Filter Include="Header Files\Net">
      <UniqueIdentifier>{738f3006-c16c-4927-942a-47e68506b7f0}</UniqueIdentifier>
    </Filter>
    <Filter Include="Header Files\Util">
      <UniqueIdentifier>{5e8b4422-2253-4404-9219-ae60c7850fc0}</UniqueIdentifier>
    </Filter>
    <Filter Include="Source Files\Net">
      <UniqueIdentifier>{e9a0900c-88e6-49aa-beed-3749656e870c}</UniqueIdentifier>
    </Filter>
  </ItemGroup>
  <ItemGroup>
    <ClInclude Include="Common.h">
      <Filter>Header Files\Util</Filter>
    </ClInclude>
    <ClInclude Include="NetClient.h">
      <Filter>Header Files\Net</Filter>
    </ClInclude>
    <ClInclude Include="NetServer.h">
      <Filter>Header Files\Net</Filter>
    </ClInclude>
    <ClInclude Include="User.h">
      <Filter>Header Files\Net</Filter>
    </ClInclude>
  </ItemGroup>
  <ItemGroup>
    <ClCompile Include="NetServer.cpp">
      <Filter>Source Files\Net</Filter>
    </ClCompile>
    <ClCompile Include="NetClient.cpp">
      <Filter>Source Files\Net</Filter>
    </ClCompile>
    <ClCompile Include="User.cpp">
      <Filter>Source Files\Net</Filter>
    </ClCompile>
  </ItemGroup>
</Project>